
Microsoft Visual Studio Solution File, Format Version 12.00
# Visual Studio 15
VisualStudioVersion = 15.0.27703.2035
MinimumVisualStudioVersion = 10.0.40219.1
Project("{FAE04EC0-301F-11D3-BF4B-00C04F79EFBC}") = "GUIcalculator", "GUIcalculator\GUIcalculator.csproj", "{382D9C81-F77C-44AF-9344-CF08F4C10ED8}"
EndProject
Global
	GlobalSection(SolutionConfigurationPlatforms) = preSolution
		Debug|Any CPU = Debug|Any CPU
		Release|Any CPU = Release|Any CPU
	EndGlobalSection
	GlobalSection(ProjectConfigurationPlatforms) = postSolution
		{382D9C81-F77C-44AF-9344-CF08F4C10ED8}.Debug|Any CPU.ActiveCfg = Debug|Any CPU
		{382D9C81-F77C-44AF-9344-CF08F4C10ED8}.Debug|Any CPU.Build.0 = Debug|Any CPU
		{382D9C81-F77C-44AF-9344-CF08F4C10ED8}.Release|Any CPU.ActiveCfg = Release|Any CPU
		{382D9C81-F77C-44AF-9344-CF08F4C10ED8}.Release|Any CPU.Build.0 = Release|Any CPU
	EndGlobalSection
	GlobalSection(SolutionProperties) = preSolution
		HideSolutionNode = FALSE
	EndGlobalSection
	GlobalSection(ExtensibilityGlobals) = postSolution
		SolutionGuid = {39F203A9-3759-447C-8DA9-9BDD2233BEE0}
	EndGlobalSection
EndGlobal
